{
    "version": 3,
    "terraform_version": "0.11.7",
    "serial": 15,
    "lineage": "27418134-6b17-b4f1-b963-705e1c2a9c19",
    "modules": [
        {
            "path": [
                "root"
            ],
            "outputs": {
                "availability_zone": {
                    "sensitive": false,
                    "type": "list",
                    "value": [
                        "eu-central-1a",
                        "eu-central-1b"
                    ]
                },
                "bastion": {
                    "sensitive": false,
                    "type": "string",
                    "value": "18.197.174.122"
                },
                "private_subnet_cidr": {
                    "sensitive": false,
                    "type": "list",
                    "value": [
                        "10.20.32.0/20,10.20.48.0/20"
                    ]
                },
                "private_subnet_ids": {
                    "sensitive": false,
                    "type": "list",
                    "value": [
                        "subnet-0a7c57d9884af55ef,subnet-02dd0a9e5dd947dc6"
                    ]
                },
                "public_subnet_cidr": {
                    "sensitive": false,
                    "type": "list",
                    "value": [
                        "10.20.0.0/20,10.20.16.0/20"
                    ]
                },
                "public_subnet_ids": {
                    "sensitive": false,
                    "type": "list",
                    "value": [
                        "subnet-09a31141d30f3eb1c,subnet-033870f87c734a55c"
                    ]
                },
                "vpc": {
                    "sensitive": false,
                    "type": "string",
                    "value": "vpc-03fa215eed7fac753"
                }
            },
            "resources": {
                "aws_instance.bastion": {
                    "type": "aws_instance",
                    "depends_on": [
                        "aws_security_group.nat",
                        "aws_subnet.eu-central-public"
                    ],
                    "primary": {
                        "id": "i-07c559b24b0a05e6f",
                        "attributes": {
                            "ami": "ami-5825cd37",
                            "associate_public_ip_address": "true",
                            "availability_zone": "eu-central-1a",
                            "credit_specification.#": "1",
                            "credit_specification.0.cpu_credits": "standard",
                            "disable_api_termination": "false",
                            "ebs_block_device.#": "0",
                            "ebs_optimized": "false",
                            "ephemeral_block_device.#": "0",
                            "get_password_data": "false",
                            "iam_instance_profile": "",
                            "id": "i-07c559b24b0a05e6f",
                            "instance_state": "running",
                            "instance_type": "t2.micro",
                            "ipv6_addresses.#": "0",
                            "key_name": "uss",
                            "monitoring": "false",
                            "network_interface.#": "0",
                            "network_interface_id": "eni-01f5348cba3d2d24e",
                            "password_data": "",
                            "placement_group": "",
                            "primary_network_interface_id": "eni-01f5348cba3d2d24e",
                            "private_dns": "ip-10-20-9-237.eu-central-1.compute.internal",
                            "private_ip": "10.20.9.237",
                            "public_dns": "ec2-18-197-174-122.eu-central-1.compute.amazonaws.com",
                            "public_ip": "18.197.174.122",
                            "root_block_device.#": "1",
                            "root_block_device.0.delete_on_termination": "true",
                            "root_block_device.0.iops": "0",
                            "root_block_device.0.volume_id": "vol-0a5751987d884e862",
                            "root_block_device.0.volume_size": "8",
                            "root_block_device.0.volume_type": "standard",
                            "security_groups.#": "0",
                            "source_dest_check": "false",
                            "subnet_id": "subnet-09a31141d30f3eb1c",
                            "tags.%": "3",
                            "tags.Contact": "sowmya",
                            "tags.Environment": "dev",
                            "tags.Name": "dev-bastion",
                            "tenancy": "default",
                            "volume_tags.%": "0",
                            "vpc_security_group_ids.#": "1",
                            "vpc_security_group_ids.734892630": "sg-066d270ab86769a98"
                        },
                        "meta": {
                            "e2bfb730-ecaa-11e6-8f88-34363bc7c4c0": {
                                "create": 600000000000,
                                "delete": 1200000000000,
                                "update": 600000000000
                            },
                            "schema_version": "1"
                        },
                        "tainted": false
                    },
                    "deposed": [],
                    "provider": "provider.aws"
                },
                "aws_internet_gateway.mtdefaultig": {
                    "type": "aws_internet_gateway",
                    "depends_on": [
                        "aws_vpc.cpesvpc"
                    ],
                    "primary": {
                        "id": "igw-0b235eea9f0c89420",
                        "attributes": {
                            "id": "igw-0b235eea9f0c89420",
                            "tags.%": "3",
                            "tags.Contact": "sowmya",
                            "tags.Environment": "dev",
                            "tags.Name": "dev-gateway",
                            "vpc_id": "vpc-03fa215eed7fac753"
                        },
                        "meta": {},
                        "tainted": false
                    },
                    "deposed": [],
                    "provider": "provider.aws"
                },
                "aws_route_table.eu-central-private": {
                    "type": "aws_route_table",
                    "depends_on": [
                        "aws_instance.bastion",
                        "aws_vpc.cpesvpc"
                    ],
                    "primary": {
                        "id": "rtb-09245b4fff46f8463",
                        "attributes": {
                            "id": "rtb-09245b4fff46f8463",
                            "propagating_vgws.#": "0",
                            "route.#": "1",
                            "route.3027612466.cidr_block": "0.0.0.0/0",
                            "route.3027612466.egress_only_gateway_id": "",
                            "route.3027612466.gateway_id": "",
                            "route.3027612466.instance_id": "i-07c559b24b0a05e6f",
                            "route.3027612466.ipv6_cidr_block": "",
                            "route.3027612466.nat_gateway_id": "",
                            "route.3027612466.network_interface_id": "eni-01f5348cba3d2d24e",
                            "route.3027612466.vpc_peering_connection_id": "",
                            "tags.%": "3",
                            "tags.Contact": "sowmya",
                            "tags.Environment": "dev",
                            "tags.Name": "Private Subnet",
                            "vpc_id": "vpc-03fa215eed7fac753"
                        },
                        "meta": {},
                        "tainted": false
                    },
                    "deposed": [],
                    "provider": "provider.aws"
                },
                "aws_route_table.eu-central-public": {
                    "type": "aws_route_table",
                    "depends_on": [
                        "aws_internet_gateway.mtdefaultig",
                        "aws_vpc.cpesvpc"
                    ],
                    "primary": {
                        "id": "rtb-0e2d41b3c8ddb0ef1",
                        "attributes": {
                            "id": "rtb-0e2d41b3c8ddb0ef1",
                            "propagating_vgws.#": "0",
                            "route.#": "1",
                            "route.1408568203.cidr_block": "0.0.0.0/0",
                            "route.1408568203.egress_only_gateway_id": "",
                            "route.1408568203.gateway_id": "igw-0b235eea9f0c89420",
                            "route.1408568203.instance_id": "",
                            "route.1408568203.ipv6_cidr_block": "",
                            "route.1408568203.nat_gateway_id": "",
                            "route.1408568203.network_interface_id": "",
                            "route.1408568203.vpc_peering_connection_id": "",
                            "tags.%": "3",
                            "tags.Contact": "sowmya",
                            "tags.Environment": "dev",
                            "tags.Name": "Public Subnet",
                            "vpc_id": "vpc-03fa215eed7fac753"
                        },
                        "meta": {},
                        "tainted": false
                    },
                    "deposed": [],
                    "provider": "provider.aws"
                },
                "aws_route_table_association.eu-central-private.0": {
                    "type": "aws_route_table_association",
                    "depends_on": [
                        "aws_route_table.eu-central-private",
                        "aws_subnet.eu-central-private.*"
                    ],
                    "primary": {
                        "id": "rtbassoc-0d403935028854530",
                        "attributes": {
                            "id": "rtbassoc-0d403935028854530",
                            "route_table_id": "rtb-09245b4fff46f8463",
                            "subnet_id": "subnet-0a7c57d9884af55ef"
                        },
                        "meta": {},
                        "tainted": false
                    },
                    "deposed": [],
                    "provider": "provider.aws"
                },
                "aws_route_table_association.eu-central-private.1": {
                    "type": "aws_route_table_association",
                    "depends_on": [
                        "aws_route_table.eu-central-private",
                        "aws_subnet.eu-central-private.*"
                    ],
                    "primary": {
                        "id": "rtbassoc-0cd7639679a35178d",
                        "attributes": {
                            "id": "rtbassoc-0cd7639679a35178d",
                            "route_table_id": "rtb-09245b4fff46f8463",
                            "subnet_id": "subnet-02dd0a9e5dd947dc6"
                        },
                        "meta": {},
                        "tainted": false
                    },
                    "deposed": [],
                    "provider": "provider.aws"
                },
                "aws_route_table_association.eu-central-public.0": {
                    "type": "aws_route_table_association",
                    "depends_on": [
                        "aws_route_table.eu-central-public",
                        "aws_subnet.eu-central-public.*"
                    ],
                    "primary": {
                        "id": "rtbassoc-01d41e6fde7773388",
                        "attributes": {
                            "id": "rtbassoc-01d41e6fde7773388",
                            "route_table_id": "rtb-0e2d41b3c8ddb0ef1",
                            "subnet_id": "subnet-09a31141d30f3eb1c"
                        },
                        "meta": {},
                        "tainted": false
                    },
                    "deposed": [],
                    "provider": "provider.aws"
                },
                "aws_route_table_association.eu-central-public.1": {
                    "type": "aws_route_table_association",
                    "depends_on": [
                        "aws_route_table.eu-central-public",
                        "aws_subnet.eu-central-public.*"
                    ],
                    "primary": {
                        "id": "rtbassoc-04891ed2e868b7c47",
                        "attributes": {
                            "id": "rtbassoc-04891ed2e868b7c47",
                            "route_table_id": "rtb-0e2d41b3c8ddb0ef1",
                            "subnet_id": "subnet-033870f87c734a55c"
                        },
                        "meta": {},
                        "tainted": false
                    },
                    "deposed": [],
                    "provider": "provider.aws"
                },
                "aws_security_group.bastion": {
                    "type": "aws_security_group",
                    "depends_on": [
                        "aws_vpc.cpesvpc"
                    ],
                    "primary": {
                        "id": "sg-0cb47c1f73409be09",
                        "attributes": {
                            "arn": "arn:aws:ec2:eu-central-1:456299200854:security-group/sg-0cb47c1f73409be09",
                            "description": "Allow incoming SSH connections.",
                            "egress.#": "1",
                            "egress.482069346.cidr_blocks.#": "1",
                            "egress.482069346.cidr_blocks.0": "0.0.0.0/0",
                            "egress.482069346.description": "",
                            "egress.482069346.from_port": "0",
                            "egress.482069346.ipv6_cidr_blocks.#": "0",
                            "egress.482069346.prefix_list_ids.#": "0",
                            "egress.482069346.protocol": "-1",
                            "egress.482069346.security_groups.#": "0",
                            "egress.482069346.self": "false",
                            "egress.482069346.to_port": "0",
                            "id": "sg-0cb47c1f73409be09",
                            "ingress.#": "1",
                            "ingress.2541437006.cidr_blocks.#": "1",
                            "ingress.2541437006.cidr_blocks.0": "0.0.0.0/0",
                            "ingress.2541437006.description": "",
                            "ingress.2541437006.from_port": "22",
                            "ingress.2541437006.ipv6_cidr_blocks.#": "0",
                            "ingress.2541437006.protocol": "tcp",
                            "ingress.2541437006.security_groups.#": "0",
                            "ingress.2541437006.self": "false",
                            "ingress.2541437006.to_port": "22",
                            "name": "dev-sg-bastion",
                            "owner_id": "456299200854",
                            "revoke_rules_on_delete": "false",
                            "tags.%": "3",
                            "tags.Contact": "sowmya",
                            "tags.Environment": "dev",
                            "tags.Name": "dev-sg-bastion",
                            "vpc_id": "vpc-03fa215eed7fac753"
                        },
                        "meta": {
                            "e2bfb730-ecaa-11e6-8f88-34363bc7c4c0": {
                                "create": 600000000000,
                                "delete": 600000000000
                            },
                            "schema_version": "1"
                        },
                        "tainted": false
                    },
                    "deposed": [],
                    "provider": "provider.aws"
                },
                "aws_security_group.bservices": {
                    "type": "aws_security_group",
                    "depends_on": [
                        "aws_vpc.cpesvpc"
                    ],
                    "primary": {
                        "id": "sg-028ca673d2c386947",
                        "attributes": {
                            "arn": "arn:aws:ec2:eu-central-1:456299200854:security-group/sg-028ca673d2c386947",
                            "description": "Allow incoming database connections.",
                            "egress.#": "8",
                            "egress.1018601200.cidr_blocks.#": "1",
                            "egress.1018601200.cidr_blocks.0": "0.0.0.0/0",
                            "egress.1018601200.description": "",
                            "egress.1018601200.from_port": "58989",
                            "egress.1018601200.ipv6_cidr_blocks.#": "0",
                            "egress.1018601200.prefix_list_ids.#": "0",
                            "egress.1018601200.protocol": "tcp",
                            "egress.1018601200.security_groups.#": "0",
                            "egress.1018601200.self": "false",
                            "egress.1018601200.to_port": "58989",
                            "egress.143819988.cidr_blocks.#": "1",
                            "egress.143819988.cidr_blocks.0": "0.0.0.0/0",
                            "egress.143819988.description": "",
                            "egress.143819988.from_port": "4444",
                            "egress.143819988.ipv6_cidr_blocks.#": "0",
                            "egress.143819988.prefix_list_ids.#": "0",
                            "egress.143819988.protocol": "tcp",
                            "egress.143819988.security_groups.#": "0",
                            "egress.143819988.self": "false",
                            "egress.143819988.to_port": "4444",
                            "egress.1814136484.cidr_blocks.#": "1",
                            "egress.1814136484.cidr_blocks.0": "0.0.0.0/0",
                            "egress.1814136484.description": "",
                            "egress.1814136484.from_port": "1389",
                            "egress.1814136484.ipv6_cidr_blocks.#": "0",
                            "egress.1814136484.prefix_list_ids.#": "0",
                            "egress.1814136484.protocol": "tcp",
                            "egress.1814136484.security_groups.#": "0",
                            "egress.1814136484.self": "false",
                            "egress.1814136484.to_port": "1389",
                            "egress.2186477391.cidr_blocks.#": "1",
                            "egress.2186477391.cidr_blocks.0": "0.0.0.0/0",
                            "egress.2186477391.description": "",
                            "egress.2186477391.from_port": "8989",
                            "egress.2186477391.ipv6_cidr_blocks.#": "0",
                            "egress.2186477391.prefix_list_ids.#": "0",
                            "egress.2186477391.protocol": "tcp",
                            "egress.2186477391.security_groups.#": "0",
                            "egress.2186477391.self": "false",
                            "egress.2186477391.to_port": "8989",
                            "egress.2214680975.cidr_blocks.#": "1",
                            "egress.2214680975.cidr_blocks.0": "0.0.0.0/0",
                            "egress.2214680975.description": "",
                            "egress.2214680975.from_port": "80",
                            "egress.2214680975.ipv6_cidr_blocks.#": "0",
                            "egress.2214680975.prefix_list_ids.#": "0",
                            "egress.2214680975.protocol": "tcp",
                            "egress.2214680975.security_groups.#": "0",
                            "egress.2214680975.self": "false",
                            "egress.2214680975.to_port": "80",
                            "egress.2440689618.cidr_blocks.#": "1",
                            "egress.2440689618.cidr_blocks.0": "0.0.0.0/0",
                            "egress.2440689618.description": "",
                            "egress.2440689618.from_port": "5444",
                            "egress.2440689618.ipv6_cidr_blocks.#": "0",
                            "egress.2440689618.prefix_list_ids.#": "0",
                            "egress.2440689618.protocol": "tcp",
                            "egress.2440689618.security_groups.#": "0",
                            "egress.2440689618.self": "false",
                            "egress.2440689618.to_port": "5444",
                            "egress.2617001939.cidr_blocks.#": "1",
                            "egress.2617001939.cidr_blocks.0": "0.0.0.0/0",
                            "egress.2617001939.description": "",
                            "egress.2617001939.from_port": "443",
                            "egress.2617001939.ipv6_cidr_blocks.#": "0",
                            "egress.2617001939.prefix_list_ids.#": "0",
                            "egress.2617001939.protocol": "tcp",
                            "egress.2617001939.security_groups.#": "0",
                            "egress.2617001939.self": "false",
                            "egress.2617001939.to_port": "443",
                            "egress.516175195.cidr_blocks.#": "1",
                            "egress.516175195.cidr_blocks.0": "0.0.0.0/0",
                            "egress.516175195.description": "",
                            "egress.516175195.from_port": "8080",
                            "egress.516175195.ipv6_cidr_blocks.#": "0",
                            "egress.516175195.prefix_list_ids.#": "0",
                            "egress.516175195.protocol": "tcp",
                            "egress.516175195.security_groups.#": "0",
                            "egress.516175195.self": "false",
                            "egress.516175195.to_port": "8080",
                            "id": "sg-028ca673d2c386947",
                            "ingress.#": "1",
                            "ingress.2541437006.cidr_blocks.#": "1",
                            "ingress.2541437006.cidr_blocks.0": "0.0.0.0/0",
                            "ingress.2541437006.description": "",
                            "ingress.2541437006.from_port": "22",
                            "ingress.2541437006.ipv6_cidr_blocks.#": "0",
                            "ingress.2541437006.protocol": "tcp",
                            "ingress.2541437006.security_groups.#": "0",
                            "ingress.2541437006.self": "false",
                            "ingress.2541437006.to_port": "22",
                            "name": "dev-sg-private",
                            "owner_id": "456299200854",
                            "revoke_rules_on_delete": "false",
                            "tags.%": "3",
                            "tags.Contact": "sowmya",
                            "tags.Environment": "dev",
                            "tags.Name": "dev-sg-private",
                            "vpc_id": "vpc-03fa215eed7fac753"
                        },
                        "meta": {
                            "e2bfb730-ecaa-11e6-8f88-34363bc7c4c0": {
                                "create": 600000000000,
                                "delete": 600000000000
                            },
                            "schema_version": "1"
                        },
                        "tainted": false
                    },
                    "deposed": [],
                    "provider": "provider.aws"
                },
                "aws_security_group.fservices": {
                    "type": "aws_security_group",
                    "depends_on": [
                        "aws_internet_gateway.mtdefaultig",
                        "aws_vpc.cpesvpc"
                    ],
                    "primary": {
                        "id": "sg-0a1dbf0dc2da386c2",
                        "attributes": {
                            "arn": "arn:aws:ec2:eu-central-1:456299200854:security-group/sg-0a1dbf0dc2da386c2",
                            "description": "Allow incoming HTTP connections.",
                            "egress.#": "2",
                            "egress.2214680975.cidr_blocks.#": "1",
                            "egress.2214680975.cidr_blocks.0": "0.0.0.0/0",
                            "egress.2214680975.description": "",
                            "egress.2214680975.from_port": "80",
                            "egress.2214680975.ipv6_cidr_blocks.#": "0",
                            "egress.2214680975.prefix_list_ids.#": "0",
                            "egress.2214680975.protocol": "tcp",
                            "egress.2214680975.security_groups.#": "0",
                            "egress.2214680975.self": "false",
                            "egress.2214680975.to_port": "80",
                            "egress.516175195.cidr_blocks.#": "1",
                            "egress.516175195.cidr_blocks.0": "0.0.0.0/0",
                            "egress.516175195.description": "",
                            "egress.516175195.from_port": "8080",
                            "egress.516175195.ipv6_cidr_blocks.#": "0",
                            "egress.516175195.prefix_list_ids.#": "0",
                            "egress.516175195.protocol": "tcp",
                            "egress.516175195.security_groups.#": "0",
                            "egress.516175195.self": "false",
                            "egress.516175195.to_port": "8080",
                            "id": "sg-0a1dbf0dc2da386c2",
                            "ingress.#": "5",
                            "ingress.2214680975.cidr_blocks.#": "1",
                            "ingress.2214680975.cidr_blocks.0": "0.0.0.0/0",
                            "ingress.2214680975.description": "",
                            "ingress.2214680975.from_port": "80",
                            "ingress.2214680975.ipv6_cidr_blocks.#": "0",
                            "ingress.2214680975.protocol": "tcp",
                            "ingress.2214680975.security_groups.#": "0",
                            "ingress.2214680975.self": "false",
                            "ingress.2214680975.to_port": "80",
                            "ingress.2541437006.cidr_blocks.#": "1",
                            "ingress.2541437006.cidr_blocks.0": "0.0.0.0/0",
                            "ingress.2541437006.description": "",
                            "ingress.2541437006.from_port": "22",
                            "ingress.2541437006.ipv6_cidr_blocks.#": "0",
                            "ingress.2541437006.protocol": "tcp",
                            "ingress.2541437006.security_groups.#": "0",
                            "ingress.2541437006.self": "false",
                            "ingress.2541437006.to_port": "22",
                            "ingress.2617001939.cidr_blocks.#": "1",
                            "ingress.2617001939.cidr_blocks.0": "0.0.0.0/0",
                            "ingress.2617001939.description": "",
                            "ingress.2617001939.from_port": "443",
                            "ingress.2617001939.ipv6_cidr_blocks.#": "0",
                            "ingress.2617001939.protocol": "tcp",
                            "ingress.2617001939.security_groups.#": "0",
                            "ingress.2617001939.self": "false",
                            "ingress.2617001939.to_port": "443",
                            "ingress.3492634115.cidr_blocks.#": "1",
                            "ingress.3492634115.cidr_blocks.0": "10.20.0.0/16",
                            "ingress.3492634115.description": "",
                            "ingress.3492634115.from_port": "-1",
                            "ingress.3492634115.ipv6_cidr_blocks.#": "0",
                            "ingress.3492634115.protocol": "icmp",
                            "ingress.3492634115.security_groups.#": "0",
                            "ingress.3492634115.self": "false",
                            "ingress.3492634115.to_port": "-1",
                            "ingress.516175195.cidr_blocks.#": "1",
                            "ingress.516175195.cidr_blocks.0": "0.0.0.0/0",
                            "ingress.516175195.description": "",
                            "ingress.516175195.from_port": "8080",
                            "ingress.516175195.ipv6_cidr_blocks.#": "0",
                            "ingress.516175195.protocol": "tcp",
                            "ingress.516175195.security_groups.#": "0",
                            "ingress.516175195.self": "false",
                            "ingress.516175195.to_port": "8080",
                            "name": "dev-sg-public",
                            "owner_id": "456299200854",
                            "revoke_rules_on_delete": "false",
                            "tags.%": "3",
                            "tags.Contact": "sowmya",
                            "tags.Environment": "dev",
                            "tags.Name": "dev-sg-public",
                            "vpc_id": "vpc-03fa215eed7fac753"
                        },
                        "meta": {
                            "e2bfb730-ecaa-11e6-8f88-34363bc7c4c0": {
                                "create": 600000000000,
                                "delete": 600000000000
                            },
                            "schema_version": "1"
                        },
                        "tainted": false
                    },
                    "deposed": [],
                    "provider": "provider.aws"
                },
                "aws_security_group.nat": {
                    "type": "aws_security_group",
                    "depends_on": [
                        "aws_subnet.eu-central-private",
                        "aws_subnet.eu-central-private.1",
                        "aws_vpc.cpesvpc"
                    ],
                    "primary": {
                        "id": "sg-066d270ab86769a98",
                        "attributes": {
                            "arn": "arn:aws:ec2:eu-central-1:456299200854:security-group/sg-066d270ab86769a98",
                            "description": "Allow traffic to pass from the private subnet to the internet",
                            "egress.#": "4",
                            "egress.2214680975.cidr_blocks.#": "1",
                            "egress.2214680975.cidr_blocks.0": "0.0.0.0/0",
                            "egress.2214680975.description": "",
                            "egress.2214680975.from_port": "80",
                            "egress.2214680975.ipv6_cidr_blocks.#": "0",
                            "egress.2214680975.prefix_list_ids.#": "0",
                            "egress.2214680975.protocol": "tcp",
                            "egress.2214680975.security_groups.#": "0",
                            "egress.2214680975.self": "false",
                            "egress.2214680975.to_port": "80",
                            "egress.2617001939.cidr_blocks.#": "1",
                            "egress.2617001939.cidr_blocks.0": "0.0.0.0/0",
                            "egress.2617001939.description": "",
                            "egress.2617001939.from_port": "443",
                            "egress.2617001939.ipv6_cidr_blocks.#": "0",
                            "egress.2617001939.prefix_list_ids.#": "0",
                            "egress.2617001939.protocol": "tcp",
                            "egress.2617001939.security_groups.#": "0",
                            "egress.2617001939.self": "false",
                            "egress.2617001939.to_port": "443",
                            "egress.3279531707.cidr_blocks.#": "1",
                            "egress.3279531707.cidr_blocks.0": "10.20.0.0/16",
                            "egress.3279531707.description": "",
                            "egress.3279531707.from_port": "22",
                            "egress.3279531707.ipv6_cidr_blocks.#": "0",
                            "egress.3279531707.prefix_list_ids.#": "0",
                            "egress.3279531707.protocol": "tcp",
                            "egress.3279531707.security_groups.#": "0",
                            "egress.3279531707.self": "false",
                            "egress.3279531707.to_port": "22",
                            "egress.516175195.cidr_blocks.#": "1",
                            "egress.516175195.cidr_blocks.0": "0.0.0.0/0",
                            "egress.516175195.description": "",
                            "egress.516175195.from_port": "8080",
                            "egress.516175195.ipv6_cidr_blocks.#": "0",
                            "egress.516175195.prefix_list_ids.#": "0",
                            "egress.516175195.protocol": "tcp",
                            "egress.516175195.security_groups.#": "0",
                            "egress.516175195.self": "false",
                            "egress.516175195.to_port": "8080",
                            "id": "sg-066d270ab86769a98",
                            "ingress.#": "8",
                            "ingress.1099086724.cidr_blocks.#": "1",
                            "ingress.1099086724.cidr_blocks.0": "10.20.32.0/20",
                            "ingress.1099086724.description": "",
                            "ingress.1099086724.from_port": "443",
                            "ingress.1099086724.ipv6_cidr_blocks.#": "0",
                            "ingress.1099086724.protocol": "tcp",
                            "ingress.1099086724.security_groups.#": "0",
                            "ingress.1099086724.self": "false",
                            "ingress.1099086724.to_port": "443",
                            "ingress.1414414774.cidr_blocks.#": "1",
                            "ingress.1414414774.cidr_blocks.0": "10.20.48.0/20",
                            "ingress.1414414774.description": "",
                            "ingress.1414414774.from_port": "80",
                            "ingress.1414414774.ipv6_cidr_blocks.#": "0",
                            "ingress.1414414774.protocol": "tcp",
                            "ingress.1414414774.security_groups.#": "0",
                            "ingress.1414414774.self": "false",
                            "ingress.1414414774.to_port": "80",
                            "ingress.1799340084.cidr_blocks.#": "1",
                            "ingress.1799340084.cidr_blocks.0": "0.0.0.0/0",
                            "ingress.1799340084.description": "",
                            "ingress.1799340084.from_port": "-1",
                            "ingress.1799340084.ipv6_cidr_blocks.#": "0",
                            "ingress.1799340084.protocol": "icmp",
                            "ingress.1799340084.security_groups.#": "0",
                            "ingress.1799340084.self": "false",
                            "ingress.1799340084.to_port": "-1",
                            "ingress.2541437006.cidr_blocks.#": "1",
                            "ingress.2541437006.cidr_blocks.0": "0.0.0.0/0",
                            "ingress.2541437006.description": "",
                            "ingress.2541437006.from_port": "22",
                            "ingress.2541437006.ipv6_cidr_blocks.#": "0",
                            "ingress.2541437006.protocol": "tcp",
                            "ingress.2541437006.security_groups.#": "0",
                            "ingress.2541437006.self": "false",
                            "ingress.2541437006.to_port": "22",
                            "ingress.3025621562.cidr_blocks.#": "1",
                            "ingress.3025621562.cidr_blocks.0": "10.20.32.0/20",
                            "ingress.3025621562.description": "",
                            "ingress.3025621562.from_port": "8080",
                            "ingress.3025621562.ipv6_cidr_blocks.#": "0",
                            "ingress.3025621562.protocol": "tcp",
                            "ingress.3025621562.security_groups.#": "0",
                            "ingress.3025621562.self": "false",
                            "ingress.3025621562.to_port": "8080",
                            "ingress.4013419987.cidr_blocks.#": "1",
                            "ingress.4013419987.cidr_blocks.0": "10.20.48.0/20",
                            "ingress.4013419987.description": "",
                            "ingress.4013419987.from_port": "443",
                            "ingress.4013419987.ipv6_cidr_blocks.#": "0",
                            "ingress.4013419987.protocol": "tcp",
                            "ingress.4013419987.security_groups.#": "0",
                            "ingress.4013419987.self": "false",
                            "ingress.4013419987.to_port": "443",
                            "ingress.4210759649.cidr_blocks.#": "1",
                            "ingress.4210759649.cidr_blocks.0": "10.20.32.0/20",
                            "ingress.4210759649.description": "",
                            "ingress.4210759649.from_port": "80",
                            "ingress.4210759649.ipv6_cidr_blocks.#": "0",
                            "ingress.4210759649.protocol": "tcp",
                            "ingress.4210759649.security_groups.#": "0",
                            "ingress.4210759649.self": "false",
                            "ingress.4210759649.to_port": "80",
                            "ingress.451019885.cidr_blocks.#": "1",
                            "ingress.451019885.cidr_blocks.0": "10.20.48.0/20",
                            "ingress.451019885.description": "",
                            "ingress.451019885.from_port": "8080",
                            "ingress.451019885.ipv6_cidr_blocks.#": "0",
                            "ingress.451019885.protocol": "tcp",
                            "ingress.451019885.security_groups.#": "0",
                            "ingress.451019885.self": "false",
                            "ingress.451019885.to_port": "8080",
                            "name": "dev-nat-sg",
                            "owner_id": "456299200854",
                            "revoke_rules_on_delete": "false",
                            "tags.%": "3",
                            "tags.Contact": "sowmya",
                            "tags.Environment": "dev",
                            "tags.Name": "dev-nat-sg",
                            "vpc_id": "vpc-03fa215eed7fac753"
                        },
                        "meta": {
                            "e2bfb730-ecaa-11e6-8f88-34363bc7c4c0": {
                                "create": 600000000000,
                                "delete": 600000000000
                            },
                            "schema_version": "1"
                        },
                        "tainted": false
                    },
                    "deposed": [],
                    "provider": "provider.aws"
                },
                "aws_subnet.eu-central-private.0": {
                    "type": "aws_subnet",
                    "depends_on": [
                        "aws_vpc.cpesvpc"
                    ],
                    "primary": {
                        "id": "subnet-0a7c57d9884af55ef",
                        "attributes": {
                            "assign_ipv6_address_on_creation": "false",
                            "availability_zone": "eu-central-1a",
                            "cidr_block": "10.20.32.0/20",
                            "id": "subnet-0a7c57d9884af55ef",
                            "map_public_ip_on_launch": "false",
                            "tags.%": "3",
                            "tags.Contact": "sowmya",
                            "tags.Environment": "dev",
                            "tags.Name": "dev-private-eu-central-1a",
                            "vpc_id": "vpc-03fa215eed7fac753"
                        },
                        "meta": {
                            "schema_version": "1"
                        },
                        "tainted": false
                    },
                    "deposed": [],
                    "provider": "provider.aws"
                },
                "aws_subnet.eu-central-private.1": {
                    "type": "aws_subnet",
                    "depends_on": [
                        "aws_vpc.cpesvpc"
                    ],
                    "primary": {
                        "id": "subnet-02dd0a9e5dd947dc6",
                        "attributes": {
                            "assign_ipv6_address_on_creation": "false",
                            "availability_zone": "eu-central-1b",
                            "cidr_block": "10.20.48.0/20",
                            "id": "subnet-02dd0a9e5dd947dc6",
                            "map_public_ip_on_launch": "false",
                            "tags.%": "3",
                            "tags.Contact": "sowmya",
                            "tags.Environment": "dev",
                            "tags.Name": "dev-private-eu-central-1b",
                            "vpc_id": "vpc-03fa215eed7fac753"
                        },
                        "meta": {
                            "schema_version": "1"
                        },
                        "tainted": false
                    },
                    "deposed": [],
                    "provider": "provider.aws"
                },
                "aws_subnet.eu-central-public.0": {
                    "type": "aws_subnet",
                    "depends_on": [
                        "aws_vpc.cpesvpc"
                    ],
                    "primary": {
                        "id": "subnet-09a31141d30f3eb1c",
                        "attributes": {
                            "assign_ipv6_address_on_creation": "false",
                            "availability_zone": "eu-central-1a",
                            "cidr_block": "10.20.0.0/20",
                            "id": "subnet-09a31141d30f3eb1c",
                            "map_public_ip_on_launch": "false",
                            "tags.%": "3",
                            "tags.Contact": "sowmya",
                            "tags.Environment": "dev",
                            "tags.Name": "dev-public-eu-central-1a",
                            "vpc_id": "vpc-03fa215eed7fac753"
                        },
                        "meta": {
                            "schema_version": "1"
                        },
                        "tainted": false
                    },
                    "deposed": [],
                    "provider": "provider.aws"
                },
                "aws_subnet.eu-central-public.1": {
                    "type": "aws_subnet",
                    "depends_on": [
                        "aws_vpc.cpesvpc"
                    ],
                    "primary": {
                        "id": "subnet-033870f87c734a55c",
                        "attributes": {
                            "assign_ipv6_address_on_creation": "false",
                            "availability_zone": "eu-central-1b",
                            "cidr_block": "10.20.16.0/20",
                            "id": "subnet-033870f87c734a55c",
                            "map_public_ip_on_launch": "false",
                            "tags.%": "3",
                            "tags.Contact": "sowmya",
                            "tags.Environment": "dev",
                            "tags.Name": "dev-public-eu-central-1b",
                            "vpc_id": "vpc-03fa215eed7fac753"
                        },
                        "meta": {
                            "schema_version": "1"
                        },
                        "tainted": false
                    },
                    "deposed": [],
                    "provider": "provider.aws"
                },
                "aws_vpc.cpesvpc": {
                    "type": "aws_vpc",
                    "depends_on": [],
                    "primary": {
                        "id": "vpc-03fa215eed7fac753",
                        "attributes": {
                            "assign_generated_ipv6_cidr_block": "false",
                            "cidr_block": "10.20.0.0/16",
                            "default_network_acl_id": "acl-0a910772110f5785e",
                            "default_route_table_id": "rtb-013b8d586e3b05cde",
                            "default_security_group_id": "sg-0994e300a5aeb576a",
                            "dhcp_options_id": "dopt-a264e8cb",
                            "enable_dns_hostnames": "true",
                            "enable_dns_support": "true",
                            "id": "vpc-03fa215eed7fac753",
                            "instance_tenancy": "default",
                            "main_route_table_id": "rtb-013b8d586e3b05cde",
                            "tags.%": "3",
                            "tags.Contact": "sowmya",
                            "tags.Environment": "dev",
                            "tags.Name": "dev-vpc"
                        },
                        "meta": {
                            "schema_version": "1"
                        },
                        "tainted": false
                    },
                    "deposed": [],
                    "provider": "provider.aws"
                }
            },
            "depends_on": []
        }
    ]
}
